
Microsoft Visual Studio Solution File, Format Version 12.00
# Visual Studio Version 17
VisualStudioVersion = 17.0.31903.59
MinimumVisualStudioVersion = 10.0.40219.1
Project("{FAE04EC0-301F-11D3-BF4B-00C04F79EFBC}") = "GildedRose", "GildedRose\GildedRose.csproj", "{ED6C658B-43FF-45EE-915C-9DAD33E98FD4}"
EndProject
Project("{FAE04EC0-301F-11D3-BF4B-00C04F79EFBC}") = "GildedRose.Tests", "GildedRose.Tests\GildedRose.Tests.csproj", "{E6481DD3-6A7F-4407-9D55-F03D68540BAD}"
EndProject
Global
	GlobalSection(SolutionConfigurationPlatforms) = preSolution
		Debug|Any CPU = Debug|Any CPU
		Release|Any CPU = Release|Any CPU
	EndGlobalSection
	GlobalSection(SolutionProperties) = preSolution
		HideSolutionNode = FALSE
	EndGlobalSection
	GlobalSection(ProjectConfigurationPlatforms) = postSolution
		{ED6C658B-43FF-45EE-915C-9DAD33E98FD4}.Debug|Any CPU.ActiveCfg = Debug|Any CPU
		{ED6C658B-43FF-45EE-915C-9DAD33E98FD4}.Debug|Any CPU.Build.0 = Debug|Any CPU
		{ED6C658B-43FF-45EE-915C-9DAD33E98FD4}.Release|Any CPU.ActiveCfg = Release|Any CPU
		{ED6C658B-43FF-45EE-915C-9DAD33E98FD4}.Release|Any CPU.Build.0 = Release|Any CPU
		{E6481DD3-6A7F-4407-9D55-F03D68540BAD}.Debug|Any CPU.ActiveCfg = Debug|Any CPU
		{E6481DD3-6A7F-4407-9D55-F03D68540BAD}.Debug|Any CPU.Build.0 = Debug|Any CPU
		{E6481DD3-6A7F-4407-9D55-F03D68540BAD}.Release|Any CPU.ActiveCfg = Release|Any CPU
		{E6481DD3-6A7F-4407-9D55-F03D68540BAD}.Release|Any CPU.Build.0 = Release|Any CPU
	EndGlobalSection
EndGlobal
